{
  "requires": true,
  "lockfileVersion": 1,
  "dependencies": {
    "async": {
      "version": "2.6.0",
      "resolved": "https://registry.npmjs.org/async/-/async-2.6.0.tgz",
      "integrity": "sha512-xAfGg1/NTLBBKlHFmnd7PlmUW9KhVQIUuSrYem9xzFUZy13ScvtyGGejaae9iAVRiRq9+Cx7DPFaAAhCpyxyPw==",
      "requires": {
        "lodash": "4.17.5"
      }
    },
    "hat": {
      "version": "0.0.3",
      "resolved": "https://registry.npmjs.org/hat/-/hat-0.0.3.tgz",
      "integrity": "sha1-uwFKnmSzeIrtgAWRdBPU/z1QLYo="
    },
    "lodash": {
      "version": "4.17.5",
      "resolved": "https://registry.npmjs.org/lodash/-/lodash-4.17.5.tgz",
      "integrity": "sha512-svL3uiZf1RwhH+cWrfZn3A4+U58wbP0tGVTLQPbjplZxZ8ROD9VLuNgsRniTlLe7OlSqR79RUehXgpBW/s0IQw=="
    },
    "minimist": {
      "version": "0.0.8",
      "resolved": "https://registry.npmjs.org/minimist/-/minimist-0.0.8.tgz",
      "integrity": "sha1-hX/Kv8M5fSYluCKCYuhqp6ARsF0="
    },
    "mkdirp": {
      "version": "0.5.1",
      "resolved": "https://registry.npmjs.org/mkdirp/-/mkdirp-0.5.1.tgz",
      "integrity": "sha1-MAV0OOrGz3+MR2fzhkjWaX11yQM=",
      "requires": {
        "minimist": "0.0.8"
      }
    },
    "protractor-jasmine2-html-reporter": {
      "version": "0.0.7",
      "resolved": "https://registry.npmjs.org/protractor-jasmine2-html-reporter/-/protractor-jasmine2-html-reporter-0.0.7.tgz",
      "integrity": "sha1-RS2pyFPpw5hctSamqZM/XJerXYw=",
      "requires": {
        "async": "2.6.0",
        "hat": "0.0.3",
        "lodash": "4.17.5",
        "mkdirp": "0.5.1",
        "string.prototype.startswith": "0.2.0"
      }
    },
    "string.prototype.startswith": {
      "version": "0.2.0",
      "resolved": "https://registry.npmjs.org/string.prototype.startswith/-/string.prototype.startswith-0.2.0.tgz",
      "integrity": "sha1-2miYLjU6TprEpDtFCiBF0cRFrns="
    }
  }
}
